
Microsoft Visual Studio Solution File, Format Version 12.00
# Visual Studio Version 17
VisualStudioVersion = 17.11.35222.181
MinimumVisualStudioVersion = 10.0.40219.1
Project("{FAE04EC0-301F-11D3-BF4B-00C04F79EFBC}") = "ParkingEntry", "ParkingManagement\ParkingEntry.csproj", "{43C8CE51-67E8-4E3E-BD73-CC8B6468EBE8}"
EndProject
Project("{FAE04EC0-301F-11D3-BF4B-00C04F79EFBC}") = "StoreDiscount", "StoreDiscount\StoreDiscount.csproj", "{2F3F107A-5D41-4E86-8641-86C844EC4C96}"
EndProject
Global
	GlobalSection(SolutionConfigurationPlatforms) = preSolution
		Debug|Any CPU = Debug|Any CPU
		Release|Any CPU = Release|Any CPU
	EndGlobalSection
	GlobalSection(ProjectConfigurationPlatforms) = postSolution
		{43C8CE51-67E8-4E3E-BD73-CC8B6468EBE8}.Debug|Any CPU.ActiveCfg = Debug|Any CPU
		{43C8CE51-67E8-4E3E-BD73-CC8B6468EBE8}.Debug|Any CPU.Build.0 = Debug|Any CPU
		{43C8CE51-67E8-4E3E-BD73-CC8B6468EBE8}.Release|Any CPU.ActiveCfg = Release|Any CPU
		{43C8CE51-67E8-4E3E-BD73-CC8B6468EBE8}.Release|Any CPU.Build.0 = Release|Any CPU
		{2F3F107A-5D41-4E86-8641-86C844EC4C96}.Debug|Any CPU.ActiveCfg = Debug|Any CPU
		{2F3F107A-5D41-4E86-8641-86C844EC4C96}.Debug|Any CPU.Build.0 = Debug|Any CPU
		{2F3F107A-5D41-4E86-8641-86C844EC4C96}.Release|Any CPU.ActiveCfg = Release|Any CPU
		{2F3F107A-5D41-4E86-8641-86C844EC4C96}.Release|Any CPU.Build.0 = Release|Any CPU
	EndGlobalSection
	GlobalSection(SolutionProperties) = preSolution
		HideSolutionNode = FALSE
	EndGlobalSection
	GlobalSection(ExtensibilityGlobals) = postSolution
		SolutionGuid = {9571C39E-EA91-4326-8FAA-6F8191E65386}
	EndGlobalSection
EndGlobal
